
Microsoft Visual Studio Solution File, Format Version 12.00
# Visual Studio Version 16
VisualStudioVersion = 16.0.30621.155
MinimumVisualStudioVersion = 10.0.40219.1
Project("{FAE04EC0-301F-11D3-BF4B-00C04F79EFBC}") = "WpfApp1", "WpfApp1\WpfApp1.csproj", "{FAD88545-15F3-4324-B69A-BBDA08A54B98}"
EndProject
Global
	GlobalSection(SolutionConfigurationPlatforms) = preSolution
		Debug|Any CPU = Debug|Any CPU
		Release|Any CPU = Release|Any CPU
	EndGlobalSection
	GlobalSection(ProjectConfigurationPlatforms) = postSolution
		{FAD88545-15F3-4324-B69A-BBDA08A54B98}.Debug|Any CPU.ActiveCfg = Debug|Any CPU
		{FAD88545-15F3-4324-B69A-BBDA08A54B98}.Debug|Any CPU.Build.0 = Debug|Any CPU
		{FAD88545-15F3-4324-B69A-BBDA08A54B98}.Release|Any CPU.ActiveCfg = Release|Any CPU
		{FAD88545-15F3-4324-B69A-BBDA08A54B98}.Release|Any CPU.Build.0 = Release|Any CPU
	EndGlobalSection
	GlobalSection(SolutionProperties) = preSolution
		HideSolutionNode = FALSE
	EndGlobalSection
	GlobalSection(ExtensibilityGlobals) = postSolution
		SolutionGuid = {4A38C254-0EC3-4DF0-80C8-4E506208D4A6}
	EndGlobalSection
EndGlobal
